// !$*UTF8*$!
{
	archiveVersion = 1;
	classes = {
	};
	objectVersion = 46;
	objects = {

/* Begin PBXBuildFile section */
		657DA9691D13740F0046200E /* pokemon.csv in Resources */ = {isa = PBXBuildFile; fileRef = 657DA9681D13740F0046200E /* pokemon.csv */; };
		657DA96C1D1374C30046200E /* Pokemon.swift in Sources */ = {isa = PBXBuildFile; fileRef = 657DA96B1D1374C30046200E /* Pokemon.swift */; };
		657DA9711D1376BB0046200E /* music.mp3 in Resources */ = {isa = PBXBuildFile; fileRef = 657DA9701D1376BB0046200E /* music.mp3 */; };
		657DA9731D1384170046200E /* PokeCellCollectionViewCell.swift in Sources */ = {isa = PBXBuildFile; fileRef = 657DA9721D1384170046200E /* PokeCellCollectionViewCell.swift */; };
		65B04D9A1D136E44006BA47B /* AppDelegate.swift in Sources */ = {isa = PBXBuildFile; fileRef = 65B04D991D136E44006BA47B /* AppDelegate.swift */; };
		65B04D9C1D136E44006BA47B /* ViewController.swift in Sources */ = {isa = PBXBuildFile; fileRef = 65B04D9B1D136E44006BA47B /* ViewController.swift */; };
		65B04D9F1D136E44006BA47B /* Main.storyboard in Resources */ = {isa = PBXBuildFile; fileRef = 65B04D9D1D136E44006BA47B /* Main.storyboard */; };
		65B04DA21D136E44006BA47B /* pokedex.xcdatamodeld in Sources */ = {isa = PBXBuildFile; fileRef = 65B04DA01D136E44006BA47B /* pokedex.xcdatamodeld */; };
		65B04DA41D136E44006BA47B /* Assets.xcassets in Resources */ = {isa = PBXBuildFile; fileRef = 65B04DA31D136E44006BA47B /* Assets.xcassets */; };
		65B04DA71D136E44006BA47B /* LaunchScreen.storyboard in Resources */ = {isa = PBXBuildFile; fileRef = 65B04DA51D136E44006BA47B /* LaunchScreen.storyboard */; };
/* End PBXBuildFile section */

/* Begin PBXFileReference section */
		657DA9681D13740F0046200E /* pokemon.csv */ = {isa = PBXFileReference; fileEncoding = 4; lastKnownFileType = text; path = pokemon.csv; sourceTree = "<group>"; };
		657DA96B1D1374C30046200E /* Pokemon.swift */ = {isa = PBXFileReference; fileEncoding = 4; lastKnownFileType = sourcecode.swift; path = Pokemon.swift; sourceTree = "<group>"; };
		657DA9701D1376BB0046200E /* music.mp3 */ = {isa = PBXFileReference; lastKnownFileType = audio.mp3; path = music.mp3; sourceTree = "<group>"; };
		657DA9721D1384170046200E /* PokeCellCollectionViewCell.swift */ = {isa = PBXFileReference; fileEncoding = 4; lastKnownFileType = sourcecode.swift; path = PokeCellCollectionViewCell.swift; sourceTree = "<group>"; };
		65B04D961D136E44006BA47B /* pokedex.app */ = {isa = PBXFileReference; explicitFileType = wrapper.application; includeInIndex = 0; path = pokedex.app; sourceTree = BUILT_PRODUCTS_DIR; };
		65B04D991D136E44006BA47B /* AppDelegate.swift */ = {isa = PBXFileReference; lastKnownFileType = sourcecode.swift; path = AppDelegate.swift; sourceTree = "<group>"; };
		65B04D9B1D136E44006BA47B /* ViewController.swift */ = {isa = PBXFileReference; lastKnownFileType = sourcecode.swift; path = ViewController.swift; sourceTree = "<group>"; };
		65B04D9E1D136E44006BA47B /* Base */ = {isa = PBXFileReference; lastKnownFileType = file.storyboard; name = Base; path = Base.lproj/Main.storyboard; sourceTree = "<group>"; };
		65B04DA11D136E44006BA47B /* pokedex.xcdatamodel */ = {isa = PBXFileReference; lastKnownFileType = wrapper.xcdatamodel; path = pokedex.xcdatamodel; sourceTree = "<group>"; };
		65B04DA31D136E44006BA47B /* Assets.xcassets */ = {isa = PBXFileReference; lastKnownFileType = folder.assetcatalog; path = Assets.xcassets; sourceTree = "<group>"; };
		65B04DA61D136E44006BA47B /* Base */ = {isa = PBXFileReference; lastKnownFileType = file.storyboard; name = Base; path = Base.lproj/LaunchScreen.storyboard; sourceTree = "<group>"; };
		65B04DA81D136E44006BA47B /* Info.plist */ = {isa = PBXFileReference; lastKnownFileType = text.plist.xml; path = Info.plist; sourceTree = "<group>"; };
/* End PBXFileReference section */

/* Begin PBXFrameworksBuildPhase section */
		65B04D931D136E44006BA47B /* Frameworks */ = {
			isa = PBXFrameworksBuildPhase;
			buildActionMask = 2147483647;
			files = (
			);
			runOnlyForDeploymentPostprocessing = 0;
		};
/* End PBXFrameworksBuildPhase section */

/* Begin PBXGroup section */
		657DA96A1D1374B50046200E /* Model */ = {
			isa = PBXGroup;
			children = (
				657DA96B1D1374C30046200E /* Pokemon.swift */,
			);
			name = Model;
			sourceTree = "<group>";
		};
		657DA96D1D1374D40046200E /* View */ = {
			isa = PBXGroup;
			children = (
				65B04D9D1D136E44006BA47B /* Main.storyboard */,
				65B04DA51D136E44006BA47B /* LaunchScreen.storyboard */,
				657DA9721D1384170046200E /* PokeCellCollectionViewCell.swift */,
			);
			name = View;
			sourceTree = "<group>";
		};
		657DA96E1D1374E10046200E /* Controller */ = {
			isa = PBXGroup;
			children = (
				65B04D9B1D136E44006BA47B /* ViewController.swift */,
			);
			name = Controller;
			sourceTree = "<group>";
		};
		657DA96F1D1376A10046200E /* Sound */ = {
			isa = PBXGroup;
			children = (
				657DA9701D1376BB0046200E /* music.mp3 */,
			);
			name = Sound;
			sourceTree = "<group>";
		};
		65B04D8D1D136E44006BA47B = {
			isa = PBXGroup;
			children = (
				65B04D981D136E44006BA47B /* pokedex */,
				65B04D971D136E44006BA47B /* Products */,
			);
			sourceTree = "<group>";
		};
		65B04D971D136E44006BA47B /* Products */ = {
			isa = PBXGroup;
			children = (
				65B04D961D136E44006BA47B /* pokedex.app */,
			);
			name = Products;
			sourceTree = "<group>";
		};
		65B04D981D136E44006BA47B /* pokedex */ = {
			isa = PBXGroup;
			children = (
				657DA96E1D1374E10046200E /* Controller */,
				657DA96D1D1374D40046200E /* View */,
				657DA96A1D1374B50046200E /* Model */,
				65B04D991D136E44006BA47B /* AppDelegate.swift */,
				65B04DA81D136E44006BA47B /* Info.plist */,
				657DA9681D13740F0046200E /* pokemon.csv */,
				65B04DA01D136E44006BA47B /* pokedex.xcdatamodeld */,
				657DA96F1D1376A10046200E /* Sound */,
				65B04DA31D136E44006BA47B /* Assets.xcassets */,
			);
			path = pokedex;
			sourceTree = "<group>";
		};
/* End PBXGroup section */

/* Begin PBXNativeTarget section */
		65B04D951D136E44006BA47B /* pokedex */ = {
			isa = PBXNativeTarget;
			buildConfigurationList = 65B04DAB1D136E44006BA47B /* Build configuration list for PBXNativeTarget "pokedex" */;
			buildPhases = (
				65B04D921D136E44006BA47B /* Sources */,
				65B04D931D136E44006BA47B /* Frameworks */,
				65B04D941D136E44006BA47B /* Resources */,
			);
			buildRules = (
			);
			dependencies = (
			);
			name = pokedex;
			productName = pokedex;
			productReference = 65B04D961D136E44006BA47B /* pokedex.app */;
			productType = "com.apple.product-type.application";
		};
/* End PBXNativeTarget section */

/* Begin PBXProject section */
		65B04D8E1D136E44006BA47B /* Project object */ = {
			isa = PBXProject;
			attributes = {
				LastSwiftUpdateCheck = 0730;
				LastUpgradeCheck = 0730;
				ORGANIZATIONNAME = "Daniel Freire";
				TargetAttributes = {
					65B04D951D136E44006BA47B = {
						CreatedOnToolsVersion = 7.3.1;
						DevelopmentTeam = S5G7KRVSLK;
					};
				};
			};
			buildConfigurationList = 65B04D911D136E44006BA47B /* Build configuration list for PBXProject "pokedex" */;
			compatibilityVersion = "Xcode 3.2";
			developmentRegion = English;
			hasScannedForEncodings = 0;
			knownRegions = (
				en,
				Base,
			);
			mainGroup = 65B04D8D1D136E44006BA47B;
			productRefGroup = 65B04D971D136E44006BA47B /* Products */;
			projectDirPath = "";
			projectRoot = "";
			targets = (
				65B04D951D136E44006BA47B /* pokedex */,
			);
		};
/* End PBXProject section */

/* Begin PBXResourcesBuildPhase section */
		65B04D941D136E44006BA47B /* Resources */ = {
			isa = PBXResourcesBuildPhase;
			buildActionMask = 2147483647;
			files = (
				657DA9711D1376BB0046200E /* music.mp3 in Resources */,
				65B04DA71D136E44006BA47B /* LaunchScreen.storyboard in Resources */,
				65B04DA41D136E44006BA47B /* Assets.xcassets in Resources */,
				657DA9691D13740F0046200E /* pokemon.csv in Resources */,
				65B04D9F1D136E44006BA47B /* Main.storyboard in Resources */,
			);
			runOnlyForDeploymentPostprocessing = 0;
		};
/* End PBXResourcesBuildPhase section */

/* Begin PBXSourcesBuildPhase section */
		65B04D921D136E44006BA47B /* Sources */ = {
			isa = PBXSourcesBuildPhase;
			buildActionMask = 2147483647;
			files = (
				65B04DA21D136E44006BA47B /* pokedex.xcdatamodeld in Sources */,
				657DA96C1D1374C30046200E /* Pokemon.swift in Sources */,
				657DA9731D1384170046200E /* PokeCellCollectionViewCell.swift in Sources */,
				65B04D9C1D136E44006BA47B /* ViewController.swift in Sources */,
				65B04D9A1D136E44006BA47B /* AppDelegate.swift in Sources */,
			);
			runOnlyForDeploymentPostprocessing = 0;
		};
/* End PBXSourcesBuildPhase section */

/* Begin PBXVariantGroup section */
		65B04D9D1D136E44006BA47B /* Main.storyboard */ = {
			isa = PBXVariantGroup;
			children = (
				65B04D9E1D136E44006BA47B /* Base */,
			);
			name = Main.storyboard;
			sourceTree = "<group>";
		};
		65B04DA51D136E44006BA47B /* LaunchScreen.storyboard */ = {
			isa = PBXVariantGroup;
			children = (
				65B04DA61D136E44006BA47B /* Base */,
			);
			name = LaunchScreen.storyboard;
			sourceTree = "<group>";
		};
/* End PBXVariantGroup section */

/* Begin XCBuildConfiguration section */
		65B04DA91D136E44006BA47B /* Debug */ = {
			isa = XCBuildConfiguration;
			buildSettings = {
				ALWAYS_SEARCH_USER_PATHS = NO;
				CLANG_ANALYZER_NONNULL = YES;
				CLANG_CXX_LANGUAGE_STANDARD = "gnu++0x";
				CLANG_CXX_LIBRARY = "libc++";
				CLANG_ENABLE_MODULES = YES;
				CLANG_ENABLE_OBJC_ARC = YES;
				CLANG_WARN_BOOL_CONVERSION = YES;
				CLANG_WARN_CONSTANT_CONVERSION = YES;
				CLANG_WARN_DIRECT_OBJC_ISA_USAGE = YES_ERROR;
				CLANG_WARN_EMPTY_BODY = YES;
				CLANG_WARN_ENUM_CONVERSION = YES;
				CLANG_WARN_INT_CONVERSION = YES;
				CLANG_WARN_OBJC_ROOT_CLASS = YES_ERROR;
				CLANG_WARN_UNREACHABLE_CODE = YES;
				CLANG_WARN__DUPLICATE_METHOD_MATCH = YES;
				"CODE_SIGN_IDENTITY[sdk=iphoneos*]" = "iPhone Developer";
				COPY_PHASE_STRIP = NO;
				DEBUG_INFORMATION_FORMAT = dwarf;
				ENABLE_STRICT_OBJC_MSGSEND = YES;
				ENABLE_TESTABILITY = YES;
				GCC_C_LANGUAGE_STANDARD = gnu99;
				GCC_DYNAMIC_NO_PIC = NO;
				GCC_NO_COMMON_BLOCKS = YES;
				GCC_OPTIMIZATION_LEVEL = 0;
				GCC_PREPROCESSOR_DEFINITIONS = (
					"DEBUG=1",
					"$(inherited)",
				);
				GCC_WARN_64_TO_32_BIT_CONVERSION = YES;
				GCC_WARN_ABOUT_RETURN_TYPE = YES_ERROR;
				GCC_WARN_UNDECLARED_SELECTOR = YES;
				GCC_WARN_UNINITIALIZED_AUTOS = YES_AGGRESSIVE;
				GCC_WARN_UNUSED_FUNCTION = YES;
				GCC_WARN_UNUSED_VARIABLE = YES;
				IPHONEOS_DEPLOYMENT_TARGET = 9.3;
				MTL_ENABLE_DEBUG_INFO = YES;
				ONLY_ACTIVE_ARCH = YES;
				SDKROOT = iphoneos;
				SWIFT_OPTIMIZATION_LEVEL = "-Onone";
				TARGETED_DEVICE_FAMILY = "1,2";
			};
			name = Debug;
		};
		65B04DAA1D136E44006BA47B /* Release */ = {
			isa = XCBuildConfiguration;
			buildSettings = {
				ALWAYS_SEARCH_USER_PATHS = NO;
				CLANG_ANALYZER_NONNULL = YES;
				CLANG_CXX_LANGUAGE_STANDARD = "gnu++0x";
				CLANG_CXX_LIBRARY = "libc++";
				CLANG_ENABLE_MODULES = YES;
				CLANG_ENABLE_OBJC_ARC = YES;
				CLANG_WARN_BOOL_CONVERSION = YES;
				CLANG_WARN_CONSTANT_CONVERSION = YES;
				CLANG_WARN_DIRECT_OBJC_ISA_USAGE = YES_ERROR;
				CLANG_WARN_EMPTY_BODY = YES;
				CLANG_WARN_ENUM_CONVERSION = YES;
				CLANG_WARN_INT_CONVERSION = YES;
				CLANG_WARN_OBJC_ROOT_CLASS = YES_ERROR;
				CLANG_WARN_UNREACHABLE_CODE = YES;
				CLANG_WARN__DUPLICATE_METHOD_MATCH = YES;
				"CODE_SIGN_IDENTITY[sdk=iphoneos*]" = "iPhone Developer";
				COPY_PHASE_STRIP = NO;
				DEBUG_INFORMATION_FORMAT = "dwarf-with-dsym";
				ENABLE_NS_ASSERTIONS = NO;
				ENABLE_STRICT_OBJC_MSGSEND = YES;
				GCC_C_LANGUAGE_STANDARD = gnu99;
				GCC_NO_COMMON_BLOCKS = YES;
				GCC_WARN_64_TO_32_BIT_CONVERSION = YES;
				GCC_WARN_ABOUT_RETURN_TYPE = YES_ERROR;
				GCC_WARN_UNDECLARED_SELECTOR = YES;
				GCC_WARN_UNINITIALIZED_AUTOS = YES_AGGRESSIVE;
				GCC_WARN_UNUSED_FUNCTION = YES;
				GCC_WARN_UNUSED_VARIABLE = YES;
				IPHONEOS_DEPLOYMENT_TARGET = 9.3;
				MTL_ENABLE_DEBUG_INFO = NO;
				SDKROOT = iphoneos;
				TARGETED_DEVICE_FAMILY = "1,2";
				VALIDATE_PRODUCT = YES;
			};
			name = Release;
		};
		65B04DAC1D136E44006BA47B /* Debug */ = {
			isa = XCBuildConfiguration;
			buildSettings = {
				ASSETCATALOG_COMPILER_APPICON_NAME = AppIcon;
				INFOPLIST_FILE = pokedex/Info.plist;
				LD_RUNPATH_SEARCH_PATHS = "$(inherited) @executable_path/Frameworks";
				PRODUCT_BUNDLE_IDENTIFIER = com.danielfreire.pokedex;
				PRODUCT_NAME = "$(TARGET_NAME)";
			};
			name = Debug;
		};
		65B04DAD1D136E44006BA47B /* Release */ = {
			isa = XCBuildConfiguration;
			buildSettings = {
				ASSETCATALOG_COMPILER_APPICON_NAME = AppIcon;
				INFOPLIST_FILE = pokedex/Info.plist;
				LD_RUNPATH_SEARCH_PATHS = "$(inherited) @executable_path/Frameworks";
				PRODUCT_BUNDLE_IDENTIFIER = com.danielfreire.pokedex;
				PRODUCT_NAME = "$(TARGET_NAME)";
			};
			name = Release;
		};
/* End XCBuildConfiguration section */

/* Begin XCConfigurationList section */
		65B04D911D136E44006BA47B /* Build configuration list for PBXProject "pokedex" */ = {
			isa = XCConfigurationList;
			buildConfigurations = (
				65B04DA91D136E44006BA47B /* Debug */,
				65B04DAA1D136E44006BA47B /* Release */,
			);
			defaultConfigurationIsVisible = 0;
			defaultConfigurationName = Release;
		};
		65B04DAB1D136E44006BA47B /* Build configuration list for PBXNativeTarget "pokedex" */ = {
			isa = XCConfigurationList;
			buildConfigurations = (
				65B04DAC1D136E44006BA47B /* Debug */,
				65B04DAD1D136E44006BA47B /* Release */,
			);
			defaultConfigurationIsVisible = 0;
			defaultConfigurationName = Release;
		};
/* End XCConfigurationList section */

/* Begin XCVersionGroup section */
		65B04DA01D136E44006BA47B /* pokedex.xcdatamodeld */ = {
			isa = XCVersionGroup;
			children = (
				65B04DA11D136E44006BA47B /* pokedex.xcdatamodel */,
			);
			currentVersion = 65B04DA11D136E44006BA47B /* pokedex.xcdatamodel */;
			path = pokedex.xcdatamodeld;
			sourceTree = "<group>";
			versionGroupType = wrapper.xcdatamodel;
		};
/* End XCVersionGroup section */
	};
	rootObject = 65B04D8E1D136E44006BA47B /* Project object */;
}
